{
  "version": 4,
  "terraform_version": "1.3.4",
  "serial": 13,
  "lineage": "52d1aaba-8b4b-fccd-8405-f80994f27f45",
  "outputs": {},
  "resources": [
    {
      "module": "module.cluster_agent",
      "mode": "managed",
      "type": "helm_release",
      "name": "appdynamics-cluster_agent",
      "provider": "module.cluster_agent.provider[\"registry.terraform.io/hashicorp/helm\"].demo_cluster",
      "instances": [
        {
          "schema_version": 0,
          "attributes": {
            "atomic": true,
            "chart": "cluster-agent",
            "cleanup_on_fail": false,
            "create_namespace": true,
            "dependency_update": false,
            "description": null,
            "devel": null,
            "disable_crd_hooks": false,
            "disable_openapi_validation": false,
            "disable_webhooks": false,
            "force_update": false,
            "id": "appd-cluster-agent",
            "keyring": null,
            "lint": false,
            "manifest": null,
            "max_history": 0,
            "metadata": [
              {
                "app_version": "22.12.0",
                "chart": "cluster-agent",
                "name": "appd-cluster-agent",
                "namespace": "appdynamics",
                "revision": 1,
                "values": "{\"controllerInfo\":{\"accessKey\":\"(sensitive value)\",\"account\":\"controllerces\",\"password\":\"Abhibajaj99!\",\"url\":\"https://controllerces.saas.appdynamics.com\",\"username\":\"abhitest\"},\"createServiceAccount\":true,\"imageInfo\":{\"agentImage\":\"docker.io/appdynamics/cluster-agent\",\"agentTag\":\"latest\",\"imagePullPolicy\":\"IfNotPresent\",\"operatorImage\":\"docker.io/appdynamics/cluster-agent-operator\",\"operatorTag\":\"latest\"},\"instrumentationConfig\":{\"enabled\":true},\"nsToMonitor\":[]}",
                "version": "1.8.0"
              }
            ],
            "name": "appd-cluster-agent",
            "namespace": "appdynamics",
            "postrender": [],
            "recreate_pods": false,
            "render_subchart_notes": true,
            "replace": false,
            "repository": "https://ciscodevnet.github.io/appdynamics-charts",
            "repository_ca_file": null,
            "repository_cert_file": null,
            "repository_key_file": null,
            "repository_password": null,
            "repository_username": null,
            "reset_values": false,
            "reuse_values": false,
            "set": [
              {
                "name": "controllerInfo.account",
                "type": "",
                "value": "controllerces"
              },
              {
                "name": "controllerInfo.password",
                "type": "",
                "value": "Abhibajaj99!"
              },
              {
                "name": "controllerInfo.url",
                "type": "",
                "value": "https://controllerces.saas.appdynamics.com"
              },
              {
                "name": "controllerInfo.username",
                "type": "",
                "value": "abhitest"
              },
              {
                "name": "createServiceAccount",
                "type": "",
                "value": "true"
              },
              {
                "name": "imageInfo.agentImage",
                "type": "",
                "value": "docker.io/appdynamics/cluster-agent"
              },
              {
                "name": "imageInfo.agentTag",
                "type": "",
                "value": "latest"
              },
              {
                "name": "imageInfo.imagePullPolicy",
                "type": "",
                "value": "IfNotPresent"
              },
              {
                "name": "imageInfo.operatorImage",
                "type": "",
                "value": "docker.io/appdynamics/cluster-agent-operator"
              },
              {
                "name": "imageInfo.operatorTag",
                "type": "",
                "value": "latest"
              },
              {
                "name": "instrumentationConfig.enabled",
                "type": "",
                "value": "true"
              }
            ],
            "set_sensitive": [
              {
                "name": "controllerInfo.accessKey",
                "type": "",
                "value": "bm9xa03c6d2p"
              }
            ],
            "skip_crds": false,
            "status": "deployed",
            "timeout": 300,
            "values": [
              "\"nsToMonitor\": []\n"
            ],
            "verify": false,
            "version": "1.8.0",
            "wait": true,
            "wait_for_jobs": false
          },
          "sensitive_attributes": [
            [
              {
                "type": "get_attr",
                "value": "set_sensitive"
              }
            ]
          ],
          "private": "bnVsbA=="
        }
      ]
    }
  ],
  "check_results": null
}
